
Microsoft Visual Studio Solution File, Format Version 12.00
# Visual Studio Version 17
VisualStudioVersion = 17.0.31903.59
MinimumVisualStudioVersion = 10.0.40219.1
Project("{FAE04EC0-301F-11D3-BF4B-00C04F79EFBC}") = "webapi", "webapi\webapi.csproj", "{CDBDB8BC-B2CA-47A3-9C2E-8EAF5B040758}"
EndProject
Project("{FAE04EC0-301F-11D3-BF4B-00C04F79EFBC}") = "test", "test\test.csproj", "{86105982-505E-48C6-8D4D-FC24F6D5B994}"
EndProject
Global
	GlobalSection(SolutionConfigurationPlatforms) = preSolution
		Debug|Any CPU = Debug|Any CPU
		Release|Any CPU = Release|Any CPU
	EndGlobalSection
	GlobalSection(SolutionProperties) = preSolution
		HideSolutionNode = FALSE
	EndGlobalSection
	GlobalSection(ProjectConfigurationPlatforms) = postSolution
		{CDBDB8BC-B2CA-47A3-9C2E-8EAF5B040758}.Debug|Any CPU.ActiveCfg = Debug|Any CPU
		{CDBDB8BC-B2CA-47A3-9C2E-8EAF5B040758}.Debug|Any CPU.Build.0 = Debug|Any CPU
		{CDBDB8BC-B2CA-47A3-9C2E-8EAF5B040758}.Release|Any CPU.ActiveCfg = Release|Any CPU
		{CDBDB8BC-B2CA-47A3-9C2E-8EAF5B040758}.Release|Any CPU.Build.0 = Release|Any CPU
		{86105982-505E-48C6-8D4D-FC24F6D5B994}.Debug|Any CPU.ActiveCfg = Debug|Any CPU
		{86105982-505E-48C6-8D4D-FC24F6D5B994}.Debug|Any CPU.Build.0 = Debug|Any CPU
		{86105982-505E-48C6-8D4D-FC24F6D5B994}.Release|Any CPU.ActiveCfg = Release|Any CPU
		{86105982-505E-48C6-8D4D-FC24F6D5B994}.Release|Any CPU.Build.0 = Release|Any CPU
	EndGlobalSection
EndGlobal
